
Microsoft Visual Studio Solution File, Format Version 12.00
Project("{FAE04EC0-301F-11D3-BF4B-00C04F79EFBC}") = "Task3_TMG", "Task3_TMG\Task3_TMG.csproj", "{1EF622A6-5E7E-4340-AFDB-3F5BA03A8866}"
EndProject
Project("{FAE04EC0-301F-11D3-BF4B-00C04F79EFBC}") = "Tests", "Tests\Tests.csproj", "{84B51A20-F4E4-45D7-B80B-DEF49EF13F75}"
EndProject
Global
	GlobalSection(SolutionConfigurationPlatforms) = preSolution
		Debug|Any CPU = Debug|Any CPU
		Release|Any CPU = Release|Any CPU
	EndGlobalSection
	GlobalSection(ProjectConfigurationPlatforms) = postSolution
		{1EF622A6-5E7E-4340-AFDB-3F5BA03A8866}.Debug|Any CPU.ActiveCfg = Debug|Any CPU
		{1EF622A6-5E7E-4340-AFDB-3F5BA03A8866}.Debug|Any CPU.Build.0 = Debug|Any CPU
		{1EF622A6-5E7E-4340-AFDB-3F5BA03A8866}.Release|Any CPU.ActiveCfg = Release|Any CPU
		{1EF622A6-5E7E-4340-AFDB-3F5BA03A8866}.Release|Any CPU.Build.0 = Release|Any CPU
		{84B51A20-F4E4-45D7-B80B-DEF49EF13F75}.Debug|Any CPU.ActiveCfg = Debug|Any CPU
		{84B51A20-F4E4-45D7-B80B-DEF49EF13F75}.Debug|Any CPU.Build.0 = Debug|Any CPU
		{84B51A20-F4E4-45D7-B80B-DEF49EF13F75}.Release|Any CPU.ActiveCfg = Release|Any CPU
		{84B51A20-F4E4-45D7-B80B-DEF49EF13F75}.Release|Any CPU.Build.0 = Release|Any CPU
	EndGlobalSection
EndGlobal
